// !$*UTF8*$!
{
	archiveVersion = 1;
	classes = {
	};
	objectVersion = 56;
	objects = {

/* Begin PBXBuildFile section */
		646ECBCE2C03281B00D46B11 /* Main.storyboard in Resources */ = {isa = PBXBuildFile; fileRef = 646ECBCD2C03281B00D46B11 /* Main.storyboard */; };
		646ECBD02C03282200D46B11 /* Launch Screen.storyboard in Resources */ = {isa = PBXBuildFile; fileRef = 646ECBCF2C03282200D46B11 /* Launch Screen.storyboard */; };
		648EA74C2C030D34002EDAC2 /* AppDelegate.swift in Sources */ = {isa = PBXBuildFile; fileRef = 648EA74B2C030D34002EDAC2 /* AppDelegate.swift */; };
		648EA7552C030D34002EDAC2 /* Assets.xcassets in Resources */ = {isa = PBXBuildFile; fileRef = 648EA7542C030D34002EDAC2 /* Assets.xcassets */; };
		648EA7612C030D96002EDAC2 /* Task.swift in Sources */ = {isa = PBXBuildFile; fileRef = 648EA7602C030D96002EDAC2 /* Task.swift */; };
		648EA7642C031269002EDAC2 /* TaskListCell.swift in Sources */ = {isa = PBXBuildFile; fileRef = 648EA7632C031269002EDAC2 /* TaskListCell.swift */; };
		648EA7672C0315A0002EDAC2 /* TaskListViewController.swift in Sources */ = {isa = PBXBuildFile; fileRef = 648EA7662C0315A0002EDAC2 /* TaskListViewController.swift */; };
		648EA7692C03181A002EDAC2 /* CreateTaskView.swift in Sources */ = {isa = PBXBuildFile; fileRef = 648EA7682C03181A002EDAC2 /* CreateTaskView.swift */; };
		648EA76B2C031E37002EDAC2 /* TaskDataSource.swift in Sources */ = {isa = PBXBuildFile; fileRef = 648EA76A2C031E37002EDAC2 /* TaskDataSource.swift */; };
		648EA76D2C031F09002EDAC2 /* CreateTaskViewController.swift in Sources */ = {isa = PBXBuildFile; fileRef = 648EA76C2C031F09002EDAC2 /* CreateTaskViewController.swift */; };
/* End PBXBuildFile section */

/* Begin PBXFileReference section */
		646ECBCD2C03281B00D46B11 /* Main.storyboard */ = {isa = PBXFileReference; lastKnownFileType = file.storyboard; path = Main.storyboard; sourceTree = "<group>"; };
		646ECBCF2C03282200D46B11 /* Launch Screen.storyboard */ = {isa = PBXFileReference; lastKnownFileType = file.storyboard; path = "Launch Screen.storyboard"; sourceTree = "<group>"; };
		648EA7482C030D34002EDAC2 /* MVC_firstApp.app */ = {isa = PBXFileReference; explicitFileType = wrapper.application; includeInIndex = 0; path = MVC_firstApp.app; sourceTree = BUILT_PRODUCTS_DIR; };
		648EA74B2C030D34002EDAC2 /* AppDelegate.swift */ = {isa = PBXFileReference; lastKnownFileType = sourcecode.swift; path = AppDelegate.swift; sourceTree = "<group>"; };
		648EA7542C030D34002EDAC2 /* Assets.xcassets */ = {isa = PBXFileReference; lastKnownFileType = folder.assetcatalog; path = Assets.xcassets; sourceTree = "<group>"; };
		648EA7592C030D34002EDAC2 /* Info.plist */ = {isa = PBXFileReference; lastKnownFileType = text.plist.xml; path = Info.plist; sourceTree = "<group>"; };
		648EA7602C030D96002EDAC2 /* Task.swift */ = {isa = PBXFileReference; lastKnownFileType = sourcecode.swift; path = Task.swift; sourceTree = "<group>"; };
		648EA7632C031269002EDAC2 /* TaskListCell.swift */ = {isa = PBXFileReference; lastKnownFileType = sourcecode.swift; path = TaskListCell.swift; sourceTree = "<group>"; };
		648EA7662C0315A0002EDAC2 /* TaskListViewController.swift */ = {isa = PBXFileReference; lastKnownFileType = sourcecode.swift; path = TaskListViewController.swift; sourceTree = "<group>"; };
		648EA7682C03181A002EDAC2 /* CreateTaskView.swift */ = {isa = PBXFileReference; lastKnownFileType = sourcecode.swift; path = CreateTaskView.swift; sourceTree = "<group>"; };
		648EA76A2C031E37002EDAC2 /* TaskDataSource.swift */ = {isa = PBXFileReference; lastKnownFileType = sourcecode.swift; path = TaskDataSource.swift; sourceTree = "<group>"; };
		648EA76C2C031F09002EDAC2 /* CreateTaskViewController.swift */ = {isa = PBXFileReference; lastKnownFileType = sourcecode.swift; path = CreateTaskViewController.swift; sourceTree = "<group>"; };
/* End PBXFileReference section */

/* Begin PBXFrameworksBuildPhase section */
		648EA7452C030D34002EDAC2 /* Frameworks */ = {
			isa = PBXFrameworksBuildPhase;
			buildActionMask = 2147483647;
			files = (
			);
			runOnlyForDeploymentPostprocessing = 0;
		};
/* End PBXFrameworksBuildPhase section */

/* Begin PBXGroup section */
		648EA73F2C030D34002EDAC2 = {
			isa = PBXGroup;
			children = (
				648EA74A2C030D34002EDAC2 /* MVC_firstApp */,
				648EA7492C030D34002EDAC2 /* Products */,
			);
			sourceTree = "<group>";
		};
		648EA7492C030D34002EDAC2 /* Products */ = {
			isa = PBXGroup;
			children = (
				648EA7482C030D34002EDAC2 /* MVC_firstApp.app */,
			);
			name = Products;
			sourceTree = "<group>";
		};
		648EA74A2C030D34002EDAC2 /* MVC_firstApp */ = {
			isa = PBXGroup;
			children = (
				648EA7652C03158C002EDAC2 /* Controller */,
				648EA7622C03124A002EDAC2 /* View */,
				648EA75F2C030D88002EDAC2 /* Model */,
				648EA74B2C030D34002EDAC2 /* AppDelegate.swift */,
				648EA7542C030D34002EDAC2 /* Assets.xcassets */,
				648EA7592C030D34002EDAC2 /* Info.plist */,
				646ECBCD2C03281B00D46B11 /* Main.storyboard */,
				646ECBCF2C03282200D46B11 /* Launch Screen.storyboard */,
			);
			path = MVC_firstApp;
			sourceTree = "<group>";
		};
		648EA75F2C030D88002EDAC2 /* Model */ = {
			isa = PBXGroup;
			children = (
				648EA7602C030D96002EDAC2 /* Task.swift */,
				648EA76A2C031E37002EDAC2 /* TaskDataSource.swift */,
			);
			path = Model;
			sourceTree = "<group>";
		};
		648EA7622C03124A002EDAC2 /* View */ = {
			isa = PBXGroup;
			children = (
				648EA7632C031269002EDAC2 /* TaskListCell.swift */,
				648EA7682C03181A002EDAC2 /* CreateTaskView.swift */,
			);
			path = View;
			sourceTree = "<group>";
		};
		648EA7652C03158C002EDAC2 /* Controller */ = {
			isa = PBXGroup;
			children = (
				648EA7662C0315A0002EDAC2 /* TaskListViewController.swift */,
				648EA76C2C031F09002EDAC2 /* CreateTaskViewController.swift */,
			);
			path = Controller;
			sourceTree = "<group>";
		};
/* End PBXGroup section */

/* Begin PBXNativeTarget section */
		648EA7472C030D34002EDAC2 /* MVC_firstApp */ = {
			isa = PBXNativeTarget;
			buildConfigurationList = 648EA75C2C030D34002EDAC2 /* Build configuration list for PBXNativeTarget "MVC_firstApp" */;
			buildPhases = (
				648EA7442C030D34002EDAC2 /* Sources */,
				648EA7452C030D34002EDAC2 /* Frameworks */,
				648EA7462C030D34002EDAC2 /* Resources */,
			);
			buildRules = (
			);
			dependencies = (
			);
			name = MVC_firstApp;
			productName = MVC_firstApp;
			productReference = 648EA7482C030D34002EDAC2 /* MVC_firstApp.app */;
			productType = "com.apple.product-type.application";
		};
/* End PBXNativeTarget section */

/* Begin PBXProject section */
		648EA7402C030D34002EDAC2 /* Project object */ = {
			isa = PBXProject;
			attributes = {
				BuildIndependentTargetsInParallel = 1;
				LastSwiftUpdateCheck = 1540;
				LastUpgradeCheck = 1540;
				TargetAttributes = {
					648EA7472C030D34002EDAC2 = {
						CreatedOnToolsVersion = 15.4;
					};
				};
			};
			buildConfigurationList = 648EA7432C030D34002EDAC2 /* Build configuration list for PBXProject "MVC_firstApp" */;
			compatibilityVersion = "Xcode 14.0";
			developmentRegion = en;
			hasScannedForEncodings = 0;
			knownRegions = (
				en,
				Base,
			);
			mainGroup = 648EA73F2C030D34002EDAC2;
			productRefGroup = 648EA7492C030D34002EDAC2 /* Products */;
			projectDirPath = "";
			projectRoot = "";
			targets = (
				648EA7472C030D34002EDAC2 /* MVC_firstApp */,
			);
		};
/* End PBXProject section */

/* Begin PBXResourcesBuildPhase section */
		648EA7462C030D34002EDAC2 /* Resources */ = {
			isa = PBXResourcesBuildPhase;
			buildActionMask = 2147483647;
			files = (
				646ECBD02C03282200D46B11 /* Launch Screen.storyboard in Resources */,
				648EA7552C030D34002EDAC2 /* Assets.xcassets in Resources */,
				646ECBCE2C03281B00D46B11 /* Main.storyboard in Resources */,
			);
			runOnlyForDeploymentPostprocessing = 0;
		};
/* End PBXResourcesBuildPhase section */

/* Begin PBXSourcesBuildPhase section */
		648EA7442C030D34002EDAC2 /* Sources */ = {
			isa = PBXSourcesBuildPhase;
			buildActionMask = 2147483647;
			files = (
				648EA7612C030D96002EDAC2 /* Task.swift in Sources */,
				648EA7692C03181A002EDAC2 /* CreateTaskView.swift in Sources */,
				648EA7642C031269002EDAC2 /* TaskListCell.swift in Sources */,
				648EA74C2C030D34002EDAC2 /* AppDelegate.swift in Sources */,
				648EA76D2C031F09002EDAC2 /* CreateTaskViewController.swift in Sources */,
				648EA76B2C031E37002EDAC2 /* TaskDataSource.swift in Sources */,
				648EA7672C0315A0002EDAC2 /* TaskListViewController.swift in Sources */,
			);
			runOnlyForDeploymentPostprocessing = 0;
		};
/* End PBXSourcesBuildPhase section */

/* Begin XCBuildConfiguration section */
		648EA75A2C030D34002EDAC2 /* Debug */ = {
			isa = XCBuildConfiguration;
			buildSettings = {
				ALWAYS_SEARCH_USER_PATHS = NO;
				ASSETCATALOG_COMPILER_GENERATE_SWIFT_ASSET_SYMBOL_EXTENSIONS = YES;
				CLANG_ANALYZER_NONNULL = YES;
				CLANG_ANALYZER_NUMBER_OBJECT_CONVERSION = YES_AGGRESSIVE;
				CLANG_CXX_LANGUAGE_STANDARD = "gnu++20";
				CLANG_ENABLE_MODULES = YES;
				CLANG_ENABLE_OBJC_ARC = YES;
				CLANG_ENABLE_OBJC_WEAK = YES;
				CLANG_WARN_BLOCK_CAPTURE_AUTORELEASING = YES;
				CLANG_WARN_BOOL_CONVERSION = YES;
				CLANG_WARN_COMMA = YES;
				CLANG_WARN_CONSTANT_CONVERSION = YES;
				CLANG_WARN_DEPRECATED_OBJC_IMPLEMENTATIONS = YES;
				CLANG_WARN_DIRECT_OBJC_ISA_USAGE = YES_ERROR;
				CLANG_WARN_DOCUMENTATION_COMMENTS = YES;
				CLANG_WARN_EMPTY_BODY = YES;
				CLANG_WARN_ENUM_CONVERSION = YES;
				CLANG_WARN_INFINITE_RECURSION = YES;
				CLANG_WARN_INT_CONVERSION = YES;
				CLANG_WARN_NON_LITERAL_NULL_CONVERSION = YES;
				CLANG_WARN_OBJC_IMPLICIT_RETAIN_SELF = YES;
				CLANG_WARN_OBJC_LITERAL_CONVERSION = YES;
				CLANG_WARN_OBJC_ROOT_CLASS = YES_ERROR;
				CLANG_WARN_QUOTED_INCLUDE_IN_FRAMEWORK_HEADER = YES;
				CLANG_WARN_RANGE_LOOP_ANALYSIS = YES;
				CLANG_WARN_STRICT_PROTOTYPES = YES;
				CLANG_WARN_SUSPICIOUS_MOVE = YES;
				CLANG_WARN_UNGUARDED_AVAILABILITY = YES_AGGRESSIVE;
				CLANG_WARN_UNREACHABLE_CODE = YES;
				CLANG_WARN__DUPLICATE_METHOD_MATCH = YES;
				COPY_PHASE_STRIP = NO;
				DEBUG_INFORMATION_FORMAT = dwarf;
				ENABLE_STRICT_OBJC_MSGSEND = YES;
				ENABLE_TESTABILITY = YES;
				ENABLE_USER_SCRIPT_SANDBOXING = YES;
				GCC_C_LANGUAGE_STANDARD = gnu17;
				GCC_DYNAMIC_NO_PIC = NO;
				GCC_NO_COMMON_BLOCKS = YES;
				GCC_OPTIMIZATION_LEVEL = 0;
				GCC_PREPROCESSOR_DEFINITIONS = (
					"DEBUG=1",
					"$(inherited)",
				);
				GCC_WARN_64_TO_32_BIT_CONVERSION = YES;
				GCC_WARN_ABOUT_RETURN_TYPE = YES_ERROR;
				GCC_WARN_UNDECLARED_SELECTOR = YES;
				GCC_WARN_UNINITIALIZED_AUTOS = YES_AGGRESSIVE;
				GCC_WARN_UNUSED_FUNCTION = YES;
				GCC_WARN_UNUSED_VARIABLE = YES;
				IPHONEOS_DEPLOYMENT_TARGET = 17.5;
				LOCALIZATION_PREFERS_STRING_CATALOGS = YES;
				MTL_ENABLE_DEBUG_INFO = INCLUDE_SOURCE;
				MTL_FAST_MATH = YES;
				ONLY_ACTIVE_ARCH = YES;
				SDKROOT = iphoneos;
				SWIFT_ACTIVE_COMPILATION_CONDITIONS = "DEBUG $(inherited)";
				SWIFT_OPTIMIZATION_LEVEL = "-Onone";
			};
			name = Debug;
		};
		648EA75B2C030D34002EDAC2 /* Release */ = {
			isa = XCBuildConfiguration;
			buildSettings = {
				ALWAYS_SEARCH_USER_PATHS = NO;
				ASSETCATALOG_COMPILER_GENERATE_SWIFT_ASSET_SYMBOL_EXTENSIONS = YES;
				CLANG_ANALYZER_NONNULL = YES;
				CLANG_ANALYZER_NUMBER_OBJECT_CONVERSION = YES_AGGRESSIVE;
				CLANG_CXX_LANGUAGE_STANDARD = "gnu++20";
				CLANG_ENABLE_MODULES = YES;
				CLANG_ENABLE_OBJC_ARC = YES;
				CLANG_ENABLE_OBJC_WEAK = YES;
				CLANG_WARN_BLOCK_CAPTURE_AUTORELEASING = YES;
				CLANG_WARN_BOOL_CONVERSION = YES;
				CLANG_WARN_COMMA = YES;
				CLANG_WARN_CONSTANT_CONVERSION = YES;
				CLANG_WARN_DEPRECATED_OBJC_IMPLEMENTATIONS = YES;
				CLANG_WARN_DIRECT_OBJC_ISA_USAGE = YES_ERROR;
				CLANG_WARN_DOCUMENTATION_COMMENTS = YES;
				CLANG_WARN_EMPTY_BODY = YES;
				CLANG_WARN_ENUM_CONVERSION = YES;
				CLANG_WARN_INFINITE_RECURSION = YES;
				CLANG_WARN_INT_CONVERSION = YES;
				CLANG_WARN_NON_LITERAL_NULL_CONVERSION = YES;
				CLANG_WARN_OBJC_IMPLICIT_RETAIN_SELF = YES;
				CLANG_WARN_OBJC_LITERAL_CONVERSION = YES;
				CLANG_WARN_OBJC_ROOT_CLASS = YES_ERROR;
				CLANG_WARN_QUOTED_INCLUDE_IN_FRAMEWORK_HEADER = YES;
				CLANG_WARN_RANGE_LOOP_ANALYSIS = YES;
				CLANG_WARN_STRICT_PROTOTYPES = YES;
				CLANG_WARN_SUSPICIOUS_MOVE = YES;
				CLANG_WARN_UNGUARDED_AVAILABILITY = YES_AGGRESSIVE;
				CLANG_WARN_UNREACHABLE_CODE = YES;
				CLANG_WARN__DUPLICATE_METHOD_MATCH = YES;
				COPY_PHASE_STRIP = NO;
				DEBUG_INFORMATION_FORMAT = "dwarf-with-dsym";
				ENABLE_NS_ASSERTIONS = NO;
				ENABLE_STRICT_OBJC_MSGSEND = YES;
				ENABLE_USER_SCRIPT_SANDBOXING = YES;
				GCC_C_LANGUAGE_STANDARD = gnu17;
				GCC_NO_COMMON_BLOCKS = YES;
				GCC_WARN_64_TO_32_BIT_CONVERSION = YES;
				GCC_WARN_ABOUT_RETURN_TYPE = YES_ERROR;
				GCC_WARN_UNDECLARED_SELECTOR = YES;
				GCC_WARN_UNINITIALIZED_AUTOS = YES_AGGRESSIVE;
				GCC_WARN_UNUSED_FUNCTION = YES;
				GCC_WARN_UNUSED_VARIABLE = YES;
				IPHONEOS_DEPLOYMENT_TARGET = 17.5;
				LOCALIZATION_PREFERS_STRING_CATALOGS = YES;
				MTL_ENABLE_DEBUG_INFO = NO;
				MTL_FAST_MATH = YES;
				SDKROOT = iphoneos;
				SWIFT_COMPILATION_MODE = wholemodule;
				VALIDATE_PRODUCT = YES;
			};
			name = Release;
		};
		648EA75D2C030D34002EDAC2 /* Debug */ = {
			isa = XCBuildConfiguration;
			buildSettings = {
				ASSETCATALOG_COMPILER_APPICON_NAME = AppIcon;
				ASSETCATALOG_COMPILER_GLOBAL_ACCENT_COLOR_NAME = AccentColor;
				CODE_SIGN_STYLE = Automatic;
				CURRENT_PROJECT_VERSION = 1;
				DEVELOPMENT_TEAM = QC8NW9PFKL;
				GENERATE_INFOPLIST_FILE = YES;
				INFOPLIST_FILE = MVC_firstApp/Info.plist;
				INFOPLIST_KEY_UIApplicationSupportsIndirectInputEvents = YES;
				INFOPLIST_KEY_UILaunchStoryboardName = LaunchScreen;
				INFOPLIST_KEY_UIMainStoryboardFile = Main;
				INFOPLIST_KEY_UISupportedInterfaceOrientations_iPad = "UIInterfaceOrientationPortrait UIInterfaceOrientationPortraitUpsideDown UIInterfaceOrientationLandscapeLeft UIInterfaceOrientationLandscapeRight";
				INFOPLIST_KEY_UISupportedInterfaceOrientations_iPhone = "UIInterfaceOrientationPortrait UIInterfaceOrientationLandscapeLeft UIInterfaceOrientationLandscapeRight";
				LD_RUNPATH_SEARCH_PATHS = (
					"$(inherited)",
					"@executable_path/Frameworks",
				);
				MARKETING_VERSION = 1.0;
				PRODUCT_BUNDLE_IDENTIFIER = "haruto.MVC-firstApp";
				PRODUCT_NAME = "$(TARGET_NAME)";
				SWIFT_EMIT_LOC_STRINGS = YES;
				SWIFT_VERSION = 5.0;
				TARGETED_DEVICE_FAMILY = "1,2";
			};
			name = Debug;
		};
		648EA75E2C030D34002EDAC2 /* Release */ = {
			isa = XCBuildConfiguration;
			buildSettings = {
				ASSETCATALOG_COMPILER_APPICON_NAME = AppIcon;
				ASSETCATALOG_COMPILER_GLOBAL_ACCENT_COLOR_NAME = AccentColor;
				CODE_SIGN_STYLE = Automatic;
				CURRENT_PROJECT_VERSION = 1;
				DEVELOPMENT_TEAM = QC8NW9PFKL;
				GENERATE_INFOPLIST_FILE = YES;
				INFOPLIST_FILE = MVC_firstApp/Info.plist;
				INFOPLIST_KEY_UIApplicationSupportsIndirectInputEvents = YES;
				INFOPLIST_KEY_UILaunchStoryboardName = LaunchScreen;
				INFOPLIST_KEY_UIMainStoryboardFile = Main;
				INFOPLIST_KEY_UISupportedInterfaceOrientations_iPad = "UIInterfaceOrientationPortrait UIInterfaceOrientationPortraitUpsideDown UIInterfaceOrientationLandscapeLeft UIInterfaceOrientationLandscapeRight";
				INFOPLIST_KEY_UISupportedInterfaceOrientations_iPhone = "UIInterfaceOrientationPortrait UIInterfaceOrientationLandscapeLeft UIInterfaceOrientationLandscapeRight";
				LD_RUNPATH_SEARCH_PATHS = (
					"$(inherited)",
					"@executable_path/Frameworks",
				);
				MARKETING_VERSION = 1.0;
				PRODUCT_BUNDLE_IDENTIFIER = "haruto.MVC-firstApp";
				PRODUCT_NAME = "$(TARGET_NAME)";
				SWIFT_EMIT_LOC_STRINGS = YES;
				SWIFT_VERSION = 5.0;
				TARGETED_DEVICE_FAMILY = "1,2";
			};
			name = Release;
		};
/* End XCBuildConfiguration section */

/* Begin XCConfigurationList section */
		648EA7432C030D34002EDAC2 /* Build configuration list for PBXProject "MVC_firstApp" */ = {
			isa = XCConfigurationList;
			buildConfigurations = (
				648EA75A2C030D34002EDAC2 /* Debug */,
				648EA75B2C030D34002EDAC2 /* Release */,
			);
			defaultConfigurationIsVisible = 0;
			defaultConfigurationName = Release;
		};
		648EA75C2C030D34002EDAC2 /* Build configuration list for PBXNativeTarget "MVC_firstApp" */ = {
			isa = XCConfigurationList;
			buildConfigurations = (
				648EA75D2C030D34002EDAC2 /* Debug */,
				648EA75E2C030D34002EDAC2 /* Release */,
			);
			defaultConfigurationIsVisible = 0;
			defaultConfigurationName = Release;
		};
/* End XCConfigurationList section */
	};
	rootObject = 648EA7402C030D34002EDAC2 /* Project object */;
}
